
Microsoft Visual Studio Solution File, Format Version 12.00
# Visual Studio Version 16
VisualStudioVersion = 16.0.29411.108
MinimumVisualStudioVersion = 10.0.40219.1
Project("{FAE04EC0-301F-11D3-BF4B-00C04F79EFBC}") = "Sample.Android", "Sample\Sample.Android\Sample.Android.csproj", "{C214C041-C27E-4146-9870-8F2AF9CB07E9}"
EndProject
Project("{9A19103F-16F7-4668-BE54-9A1E7A4F7556}") = "Sample", "Sample\Sample\Sample.csproj", "{4448BD6A-8165-4F89-8308-4465358CE533}"
EndProject
Project("{2150E333-8FDC-42A3-9474-1A3956D46DE8}") = "Sample", "Sample", "{A1E2BDC2-7261-4645-B774-7D24BBE4F523}"
EndProject
Project("{2150E333-8FDC-42A3-9474-1A3956D46DE8}") = "Library", "Library", "{2F767FA6-895C-40FC-9CE3-3E1B8CA2EED7}"
EndProject
Project("{9A19103F-16F7-4668-BE54-9A1E7A4F7556}") = "DataGridSam", "DataGridSam\DataGridSam.csproj", "{422D7B5E-953E-45A3-A838-14AB64523127}"
EndProject
Project("{FAE04EC0-301F-11D3-BF4B-00C04F79EFBC}") = "Sample.UWP", "Sample\Sample.UWP\Sample.UWP.csproj", "{BF61127F-30A4-42C2-BA76-635077DEB2DD}"
EndProject
Project("{FAE04EC0-301F-11D3-BF4B-00C04F79EFBC}") = "Sample.iOS", "Sample\Sample.iOS\Sample.iOS.csproj", "{89F6BACA-D226-4A47-B23E-3EB96AE83BBC}"
EndProject
Project("{FAE04EC0-301F-11D3-BF4B-00C04F79EFBC}") = "DataGridSam.Droid", "DataGridSam.Droid\DataGridSam.Droid.csproj", "{145182DC-AEA9-4C52-8E70-761F094E5508}"
EndProject
Project("{FAE04EC0-301F-11D3-BF4B-00C04F79EFBC}") = "DataGridSam.iOS", "DataGridSam.iOS\DataGridSam.iOS.csproj", "{0B7DA8F3-A983-4923-9C90-90C22B5F79B4}"
EndProject
Project("{FAE04EC0-301F-11D3-BF4B-00C04F79EFBC}") = "DataGridSam.UWP", "DataGridSam.UWP\DataGridSam.UWP.csproj", "{52642A1F-AD6C-43D0-B642-E5A8A5ADC02C}"
EndProject
Global
	GlobalSection(SolutionConfigurationPlatforms) = preSolution
		Debug|Any CPU = Debug|Any CPU
		Debug|ARM = Debug|ARM
		Debug|ARM64 = Debug|ARM64
		Debug|iPhone = Debug|iPhone
		Debug|iPhoneSimulator = Debug|iPhoneSimulator
		Debug|x64 = Debug|x64
		Debug|x86 = Debug|x86
		Release|Any CPU = Release|Any CPU
		Release|ARM = Release|ARM
		Release|ARM64 = Release|ARM64
		Release|iPhone = Release|iPhone
		Release|iPhoneSimulator = Release|iPhoneSimulator
		Release|x64 = Release|x64
		Release|x86 = Release|x86
	EndGlobalSection
	GlobalSection(ProjectConfigurationPlatforms) = postSolution
		{C214C041-C27E-4146-9870-8F2AF9CB07E9}.Debug|Any CPU.ActiveCfg = Debug|Any CPU
		{C214C041-C27E-4146-9870-8F2AF9CB07E9}.Debug|Any CPU.Build.0 = Debug|Any CPU
		{C214C041-C27E-4146-9870-8F2AF9CB07E9}.Debug|Any CPU.Deploy.0 = Debug|Any CPU
		{C214C041-C27E-4146-9870-8F2AF9CB07E9}.Debug|ARM.ActiveCfg = Debug|Any CPU
		{C214C041-C27E-4146-9870-8F2AF9CB07E9}.Debug|ARM.Build.0 = Debug|Any CPU
		{C214C041-C27E-4146-9870-8F2AF9CB07E9}.Debug|ARM.Deploy.0 = Debug|Any CPU
		{C214C041-C27E-4146-9870-8F2AF9CB07E9}.Debug|ARM64.ActiveCfg = Debug|Any CPU
		{C214C041-C27E-4146-9870-8F2AF9CB07E9}.Debug|ARM64.Build.0 = Debug|Any CPU
		{C214C041-C27E-4146-9870-8F2AF9CB07E9}.Debug|ARM64.Deploy.0 = Debug|Any CPU
		{C214C041-C27E-4146-9870-8F2AF9CB07E9}.Debug|iPhone.ActiveCfg = Debug|Any CPU
		{C214C041-C27E-4146-9870-8F2AF9CB07E9}.Debug|iPhone.Build.0 = Debug|Any CPU
		{C214C041-C27E-4146-9870-8F2AF9CB07E9}.Debug|iPhone.Deploy.0 = Debug|Any CPU
		{C214C041-C27E-4146-9870-8F2AF9CB07E9}.Debug|iPhoneSimulator.ActiveCfg = Debug|Any CPU
		{C214C041-C27E-4146-9870-8F2AF9CB07E9}.Debug|iPhoneSimulator.Build.0 = Debug|Any CPU
		{C214C041-C27E-4146-9870-8F2AF9CB07E9}.Debug|iPhoneSimulator.Deploy.0 = Debug|Any CPU
		{C214C041-C27E-4146-9870-8F2AF9CB07E9}.Debug|x64.ActiveCfg = Debug|Any CPU
		{C214C041-C27E-4146-9870-8F2AF9CB07E9}.Debug|x64.Build.0 = Debug|Any CPU
		{C214C041-C27E-4146-9870-8F2AF9CB07E9}.Debug|x64.Deploy.0 = Debug|Any CPU
		{C214C041-C27E-4146-9870-8F2AF9CB07E9}.Debug|x86.ActiveCfg = Debug|Any CPU
		{C214C041-C27E-4146-9870-8F2AF9CB07E9}.Debug|x86.Build.0 = Debug|Any CPU
		{C214C041-C27E-4146-9870-8F2AF9CB07E9}.Debug|x86.Deploy.0 = Debug|Any CPU
		{C214C041-C27E-4146-9870-8F2AF9CB07E9}.Release|Any CPU.ActiveCfg = Release|Any CPU
		{C214C041-C27E-4146-9870-8F2AF9CB07E9}.Release|Any CPU.Build.0 = Release|Any CPU
		{C214C041-C27E-4146-9870-8F2AF9CB07E9}.Release|Any CPU.Deploy.0 = Release|Any CPU
		{C214C041-C27E-4146-9870-8F2AF9CB07E9}.Release|ARM.ActiveCfg = Release|Any CPU
		{C214C041-C27E-4146-9870-8F2AF9CB07E9}.Release|ARM.Build.0 = Release|Any CPU
		{C214C041-C27E-4146-9870-8F2AF9CB07E9}.Release|ARM.Deploy.0 = Release|Any CPU
		{C214C041-C27E-4146-9870-8F2AF9CB07E9}.Release|ARM64.ActiveCfg = Release|Any CPU
		{C214C041-C27E-4146-9870-8F2AF9CB07E9}.Release|ARM64.Build.0 = Release|Any CPU
		{C214C041-C27E-4146-9870-8F2AF9CB07E9}.Release|ARM64.Deploy.0 = Release|Any CPU
		{C214C041-C27E-4146-9870-8F2AF9CB07E9}.Release|iPhone.ActiveCfg = Release|Any CPU
		{C214C041-C27E-4146-9870-8F2AF9CB07E9}.Release|iPhone.Build.0 = Release|Any CPU
		{C214C041-C27E-4146-9870-8F2AF9CB07E9}.Release|iPhone.Deploy.0 = Release|Any CPU
		{C214C041-C27E-4146-9870-8F2AF9CB07E9}.Release|iPhoneSimulator.ActiveCfg = Release|Any CPU
		{C214C041-C27E-4146-9870-8F2AF9CB07E9}.Release|iPhoneSimulator.Build.0 = Release|Any CPU
		{C214C041-C27E-4146-9870-8F2AF9CB07E9}.Release|iPhoneSimulator.Deploy.0 = Release|Any CPU
		{C214C041-C27E-4146-9870-8F2AF9CB07E9}.Release|x64.ActiveCfg = Release|Any CPU
		{C214C041-C27E-4146-9870-8F2AF9CB07E9}.Release|x64.Build.0 = Release|Any CPU
		{C214C041-C27E-4146-9870-8F2AF9CB07E9}.Release|x64.Deploy.0 = Release|Any CPU
		{C214C041-C27E-4146-9870-8F2AF9CB07E9}.Release|x86.ActiveCfg = Release|Any CPU
		{C214C041-C27E-4146-9870-8F2AF9CB07E9}.Release|x86.Build.0 = Release|Any CPU
		{C214C041-C27E-4146-9870-8F2AF9CB07E9}.Release|x86.Deploy.0 = Release|Any CPU
		{4448BD6A-8165-4F89-8308-4465358CE533}.Debug|Any CPU.ActiveCfg = Debug|Any CPU
		{4448BD6A-8165-4F89-8308-4465358CE533}.Debug|Any CPU.Build.0 = Debug|Any CPU
		{4448BD6A-8165-4F89-8308-4465358CE533}.Debug|Any CPU.Deploy.0 = Debug|Any CPU
		{4448BD6A-8165-4F89-8308-4465358CE533}.Debug|ARM.ActiveCfg = Debug|Any CPU
		{4448BD6A-8165-4F89-8308-4465358CE533}.Debug|ARM.Build.0 = Debug|Any CPU
		{4448BD6A-8165-4F89-8308-4465358CE533}.Debug|ARM64.ActiveCfg = Debug|Any CPU
		{4448BD6A-8165-4F89-8308-4465358CE533}.Debug|ARM64.Build.0 = Debug|Any CPU
		{4448BD6A-8165-4F89-8308-4465358CE533}.Debug|iPhone.ActiveCfg = Debug|Any CPU
		{4448BD6A-8165-4F89-8308-4465358CE533}.Debug|iPhone.Build.0 = Debug|Any CPU
		{4448BD6A-8165-4F89-8308-4465358CE533}.Debug|iPhone.Deploy.0 = Debug|Any CPU
		{4448BD6A-8165-4F89-8308-4465358CE533}.Debug|iPhoneSimulator.ActiveCfg = Debug|Any CPU
		{4448BD6A-8165-4F89-8308-4465358CE533}.Debug|iPhoneSimulator.Build.0 = Debug|Any CPU
		{4448BD6A-8165-4F89-8308-4465358CE533}.Debug|iPhoneSimulator.Deploy.0 = Debug|Any CPU
		{4448BD6A-8165-4F89-8308-4465358CE533}.Debug|x64.ActiveCfg = Debug|Any CPU
		{4448BD6A-8165-4F89-8308-4465358CE533}.Debug|x64.Build.0 = Debug|Any CPU
		{4448BD6A-8165-4F89-8308-4465358CE533}.Debug|x86.ActiveCfg = Debug|Any CPU
		{4448BD6A-8165-4F89-8308-4465358CE533}.Debug|x86.Build.0 = Debug|Any CPU
		{4448BD6A-8165-4F89-8308-4465358CE533}.Release|Any CPU.ActiveCfg = Release|Any CPU
		{4448BD6A-8165-4F89-8308-4465358CE533}.Release|Any CPU.Build.0 = Release|Any CPU
		{4448BD6A-8165-4F89-8308-4465358CE533}.Release|Any CPU.Deploy.0 = Release|Any CPU
		{4448BD6A-8165-4F89-8308-4465358CE533}.Release|ARM.ActiveCfg = Release|Any CPU
		{4448BD6A-8165-4F89-8308-4465358CE533}.Release|ARM.Build.0 = Release|Any CPU
		{4448BD6A-8165-4F89-8308-4465358CE533}.Release|ARM64.ActiveCfg = Release|Any CPU
		{4448BD6A-8165-4F89-8308-4465358CE533}.Release|ARM64.Build.0 = Release|Any CPU
		{4448BD6A-8165-4F89-8308-4465358CE533}.Release|iPhone.ActiveCfg = Release|Any CPU
		{4448BD6A-8165-4F89-8308-4465358CE533}.Release|iPhone.Build.0 = Release|Any CPU
		{4448BD6A-8165-4F89-8308-4465358CE533}.Release|iPhone.Deploy.0 = Release|Any CPU
		{4448BD6A-8165-4F89-8308-4465358CE533}.Release|iPhoneSimulator.ActiveCfg = Release|Any CPU
		{4448BD6A-8165-4F89-8308-4465358CE533}.Release|iPhoneSimulator.Build.0 = Release|Any CPU
		{4448BD6A-8165-4F89-8308-4465358CE533}.Release|iPhoneSimulator.Deploy.0 = Release|Any CPU
		{4448BD6A-8165-4F89-8308-4465358CE533}.Release|x64.ActiveCfg = Release|Any CPU
		{4448BD6A-8165-4F89-8308-4465358CE533}.Release|x64.Build.0 = Release|Any CPU
		{4448BD6A-8165-4F89-8308-4465358CE533}.Release|x86.ActiveCfg = Release|Any CPU
		{4448BD6A-8165-4F89-8308-4465358CE533}.Release|x86.Build.0 = Release|Any CPU
		{422D7B5E-953E-45A3-A838-14AB64523127}.Debug|Any CPU.ActiveCfg = Debug|Any CPU
		{422D7B5E-953E-45A3-A838-14AB64523127}.Debug|Any CPU.Build.0 = Debug|Any CPU
		{422D7B5E-953E-45A3-A838-14AB64523127}.Debug|ARM.ActiveCfg = Debug|Any CPU
		{422D7B5E-953E-45A3-A838-14AB64523127}.Debug|ARM.Build.0 = Debug|Any CPU
		{422D7B5E-953E-45A3-A838-14AB64523127}.Debug|ARM64.ActiveCfg = Debug|Any CPU
		{422D7B5E-953E-45A3-A838-14AB64523127}.Debug|ARM64.Build.0 = Debug|Any CPU
		{422D7B5E-953E-45A3-A838-14AB64523127}.Debug|iPhone.ActiveCfg = Debug|Any CPU
		{422D7B5E-953E-45A3-A838-14AB64523127}.Debug|iPhone.Build.0 = Debug|Any CPU
		{422D7B5E-953E-45A3-A838-14AB64523127}.Debug|iPhoneSimulator.ActiveCfg = Debug|Any CPU
		{422D7B5E-953E-45A3-A838-14AB64523127}.Debug|iPhoneSimulator.Build.0 = Debug|Any CPU
		{422D7B5E-953E-45A3-A838-14AB64523127}.Debug|x64.ActiveCfg = Debug|Any CPU
		{422D7B5E-953E-45A3-A838-14AB64523127}.Debug|x64.Build.0 = Debug|Any CPU
		{422D7B5E-953E-45A3-A838-14AB64523127}.Debug|x86.ActiveCfg = Debug|Any CPU
		{422D7B5E-953E-45A3-A838-14AB64523127}.Debug|x86.Build.0 = Debug|Any CPU
		{422D7B5E-953E-45A3-A838-14AB64523127}.Release|Any CPU.ActiveCfg = Release|Any CPU
		{422D7B5E-953E-45A3-A838-14AB64523127}.Release|Any CPU.Build.0 = Release|Any CPU
		{422D7B5E-953E-45A3-A838-14AB64523127}.Release|ARM.ActiveCfg = Release|Any CPU
		{422D7B5E-953E-45A3-A838-14AB64523127}.Release|ARM.Build.0 = Release|Any CPU
		{422D7B5E-953E-45A3-A838-14AB64523127}.Release|ARM64.ActiveCfg = Release|Any CPU
		{422D7B5E-953E-45A3-A838-14AB64523127}.Release|ARM64.Build.0 = Release|Any CPU
		{422D7B5E-953E-45A3-A838-14AB64523127}.Release|iPhone.ActiveCfg = Release|Any CPU
		{422D7B5E-953E-45A3-A838-14AB64523127}.Release|iPhone.Build.0 = Release|Any CPU
		{422D7B5E-953E-45A3-A838-14AB64523127}.Release|iPhoneSimulator.ActiveCfg = Release|Any CPU
		{422D7B5E-953E-45A3-A838-14AB64523127}.Release|iPhoneSimulator.Build.0 = Release|Any CPU
		{422D7B5E-953E-45A3-A838-14AB64523127}.Release|x64.ActiveCfg = Release|Any CPU
		{422D7B5E-953E-45A3-A838-14AB64523127}.Release|x64.Build.0 = Release|Any CPU
		{422D7B5E-953E-45A3-A838-14AB64523127}.Release|x86.ActiveCfg = Release|Any CPU
		{422D7B5E-953E-45A3-A838-14AB64523127}.Release|x86.Build.0 = Release|Any CPU
		{BF61127F-30A4-42C2-BA76-635077DEB2DD}.Debug|Any CPU.ActiveCfg = Debug|x86
		{BF61127F-30A4-42C2-BA76-635077DEB2DD}.Debug|ARM.ActiveCfg = Debug|ARM
		{BF61127F-30A4-42C2-BA76-635077DEB2DD}.Debug|ARM.Build.0 = Debug|ARM
		{BF61127F-30A4-42C2-BA76-635077DEB2DD}.Debug|ARM.Deploy.0 = Debug|ARM
		{BF61127F-30A4-42C2-BA76-635077DEB2DD}.Debug|ARM64.ActiveCfg = Debug|ARM64
		{BF61127F-30A4-42C2-BA76-635077DEB2DD}.Debug|ARM64.Build.0 = Debug|ARM64
		{BF61127F-30A4-42C2-BA76-635077DEB2DD}.Debug|ARM64.Deploy.0 = Debug|ARM64
		{BF61127F-30A4-42C2-BA76-635077DEB2DD}.Debug|iPhone.ActiveCfg = Debug|x86
		{BF61127F-30A4-42C2-BA76-635077DEB2DD}.Debug|iPhoneSimulator.ActiveCfg = Debug|x86
		{BF61127F-30A4-42C2-BA76-635077DEB2DD}.Debug|x64.ActiveCfg = Debug|x64
		{BF61127F-30A4-42C2-BA76-635077DEB2DD}.Debug|x64.Build.0 = Debug|x64
		{BF61127F-30A4-42C2-BA76-635077DEB2DD}.Debug|x64.Deploy.0 = Debug|x64
		{BF61127F-30A4-42C2-BA76-635077DEB2DD}.Debug|x86.ActiveCfg = Debug|x86
		{BF61127F-30A4-42C2-BA76-635077DEB2DD}.Debug|x86.Build.0 = Debug|x86
		{BF61127F-30A4-42C2-BA76-635077DEB2DD}.Debug|x86.Deploy.0 = Debug|x86
		{BF61127F-30A4-42C2-BA76-635077DEB2DD}.Release|Any CPU.ActiveCfg = Release|x86
		{BF61127F-30A4-42C2-BA76-635077DEB2DD}.Release|ARM.ActiveCfg = Release|ARM
		{BF61127F-30A4-42C2-BA76-635077DEB2DD}.Release|ARM.Build.0 = Release|ARM
		{BF61127F-30A4-42C2-BA76-635077DEB2DD}.Release|ARM.Deploy.0 = Release|ARM
		{BF61127F-30A4-42C2-BA76-635077DEB2DD}.Release|ARM64.ActiveCfg = Release|ARM64
		{BF61127F-30A4-42C2-BA76-635077DEB2DD}.Release|ARM64.Build.0 = Release|ARM64
		{BF61127F-30A4-42C2-BA76-635077DEB2DD}.Release|ARM64.Deploy.0 = Release|ARM64
		{BF61127F-30A4-42C2-BA76-635077DEB2DD}.Release|iPhone.ActiveCfg = Release|x86
		{BF61127F-30A4-42C2-BA76-635077DEB2DD}.Release|iPhoneSimulator.ActiveCfg = Release|x86
		{BF61127F-30A4-42C2-BA76-635077DEB2DD}.Release|x64.ActiveCfg = Release|x64
		{BF61127F-30A4-42C2-BA76-635077DEB2DD}.Release|x64.Build.0 = Release|x64
		{BF61127F-30A4-42C2-BA76-635077DEB2DD}.Release|x64.Deploy.0 = Release|x64
		{BF61127F-30A4-42C2-BA76-635077DEB2DD}.Release|x86.ActiveCfg = Release|x86
		{BF61127F-30A4-42C2-BA76-635077DEB2DD}.Release|x86.Build.0 = Release|x86
		{BF61127F-30A4-42C2-BA76-635077DEB2DD}.Release|x86.Deploy.0 = Release|x86
		{89F6BACA-D226-4A47-B23E-3EB96AE83BBC}.Debug|Any CPU.ActiveCfg = Debug|iPhone
		{89F6BACA-D226-4A47-B23E-3EB96AE83BBC}.Debug|ARM.ActiveCfg = Debug|iPhone
		{89F6BACA-D226-4A47-B23E-3EB96AE83BBC}.Debug|ARM64.ActiveCfg = Debug|iPhone
		{89F6BACA-D226-4A47-B23E-3EB96AE83BBC}.Debug|iPhone.ActiveCfg = Debug|iPhone
		{89F6BACA-D226-4A47-B23E-3EB96AE83BBC}.Debug|iPhone.Build.0 = Debug|iPhone
		{89F6BACA-D226-4A47-B23E-3EB96AE83BBC}.Debug|iPhoneSimulator.ActiveCfg = Debug|iPhoneSimulator
		{89F6BACA-D226-4A47-B23E-3EB96AE83BBC}.Debug|iPhoneSimulator.Build.0 = Debug|iPhoneSimulator
		{89F6BACA-D226-4A47-B23E-3EB96AE83BBC}.Debug|x64.ActiveCfg = Debug|iPhone
		{89F6BACA-D226-4A47-B23E-3EB96AE83BBC}.Debug|x86.ActiveCfg = Debug|iPhone
		{89F6BACA-D226-4A47-B23E-3EB96AE83BBC}.Release|Any CPU.ActiveCfg = Release|iPhone
		{89F6BACA-D226-4A47-B23E-3EB96AE83BBC}.Release|ARM.ActiveCfg = Release|iPhone
		{89F6BACA-D226-4A47-B23E-3EB96AE83BBC}.Release|ARM64.ActiveCfg = Release|iPhone
		{89F6BACA-D226-4A47-B23E-3EB96AE83BBC}.Release|iPhone.ActiveCfg = Release|iPhone
		{89F6BACA-D226-4A47-B23E-3EB96AE83BBC}.Release|iPhone.Build.0 = Release|iPhone
		{89F6BACA-D226-4A47-B23E-3EB96AE83BBC}.Release|iPhoneSimulator.ActiveCfg = Release|iPhoneSimulator
		{89F6BACA-D226-4A47-B23E-3EB96AE83BBC}.Release|iPhoneSimulator.Build.0 = Release|iPhoneSimulator
		{89F6BACA-D226-4A47-B23E-3EB96AE83BBC}.Release|x64.ActiveCfg = Release|iPhone
		{89F6BACA-D226-4A47-B23E-3EB96AE83BBC}.Release|x86.ActiveCfg = Release|iPhone
		{145182DC-AEA9-4C52-8E70-761F094E5508}.Debug|Any CPU.ActiveCfg = Debug|Any CPU
		{145182DC-AEA9-4C52-8E70-761F094E5508}.Debug|Any CPU.Build.0 = Debug|Any CPU
		{145182DC-AEA9-4C52-8E70-761F094E5508}.Debug|ARM.ActiveCfg = Debug|Any CPU
		{145182DC-AEA9-4C52-8E70-761F094E5508}.Debug|ARM.Build.0 = Debug|Any CPU
		{145182DC-AEA9-4C52-8E70-761F094E5508}.Debug|ARM64.ActiveCfg = Debug|Any CPU
		{145182DC-AEA9-4C52-8E70-761F094E5508}.Debug|ARM64.Build.0 = Debug|Any CPU
		{145182DC-AEA9-4C52-8E70-761F094E5508}.Debug|iPhone.ActiveCfg = Debug|Any CPU
		{145182DC-AEA9-4C52-8E70-761F094E5508}.Debug|iPhone.Build.0 = Debug|Any CPU
		{145182DC-AEA9-4C52-8E70-761F094E5508}.Debug|iPhoneSimulator.ActiveCfg = Debug|Any CPU
		{145182DC-AEA9-4C52-8E70-761F094E5508}.Debug|iPhoneSimulator.Build.0 = Debug|Any CPU
		{145182DC-AEA9-4C52-8E70-761F094E5508}.Debug|x64.ActiveCfg = Debug|Any CPU
		{145182DC-AEA9-4C52-8E70-761F094E5508}.Debug|x64.Build.0 = Debug|Any CPU
		{145182DC-AEA9-4C52-8E70-761F094E5508}.Debug|x86.ActiveCfg = Debug|Any CPU
		{145182DC-AEA9-4C52-8E70-761F094E5508}.Debug|x86.Build.0 = Debug|Any CPU
		{145182DC-AEA9-4C52-8E70-761F094E5508}.Release|Any CPU.ActiveCfg = Release|Any CPU
		{145182DC-AEA9-4C52-8E70-761F094E5508}.Release|Any CPU.Build.0 = Release|Any CPU
		{145182DC-AEA9-4C52-8E70-761F094E5508}.Release|ARM.ActiveCfg = Release|Any CPU
		{145182DC-AEA9-4C52-8E70-761F094E5508}.Release|ARM.Build.0 = Release|Any CPU
		{145182DC-AEA9-4C52-8E70-761F094E5508}.Release|ARM64.ActiveCfg = Release|Any CPU
		{145182DC-AEA9-4C52-8E70-761F094E5508}.Release|ARM64.Build.0 = Release|Any CPU
		{145182DC-AEA9-4C52-8E70-761F094E5508}.Release|iPhone.ActiveCfg = Release|Any CPU
		{145182DC-AEA9-4C52-8E70-761F094E5508}.Release|iPhone.Build.0 = Release|Any CPU
		{145182DC-AEA9-4C52-8E70-761F094E5508}.Release|iPhoneSimulator.ActiveCfg = Release|Any CPU
		{145182DC-AEA9-4C52-8E70-761F094E5508}.Release|iPhoneSimulator.Build.0 = Release|Any CPU
		{145182DC-AEA9-4C52-8E70-761F094E5508}.Release|x64.ActiveCfg = Release|Any CPU
		{145182DC-AEA9-4C52-8E70-761F094E5508}.Release|x64.Build.0 = Release|Any CPU
		{145182DC-AEA9-4C52-8E70-761F094E5508}.Release|x86.ActiveCfg = Release|Any CPU
		{145182DC-AEA9-4C52-8E70-761F094E5508}.Release|x86.Build.0 = Release|Any CPU
		{0B7DA8F3-A983-4923-9C90-90C22B5F79B4}.Debug|Any CPU.ActiveCfg = Debug|Any CPU
		{0B7DA8F3-A983-4923-9C90-90C22B5F79B4}.Debug|Any CPU.Build.0 = Debug|Any CPU
		{0B7DA8F3-A983-4923-9C90-90C22B5F79B4}.Debug|ARM.ActiveCfg = Debug|Any CPU
		{0B7DA8F3-A983-4923-9C90-90C22B5F79B4}.Debug|ARM.Build.0 = Debug|Any CPU
		{0B7DA8F3-A983-4923-9C90-90C22B5F79B4}.Debug|ARM64.ActiveCfg = Debug|Any CPU
		{0B7DA8F3-A983-4923-9C90-90C22B5F79B4}.Debug|ARM64.Build.0 = Debug|Any CPU
		{0B7DA8F3-A983-4923-9C90-90C22B5F79B4}.Debug|iPhone.ActiveCfg = Debug|Any CPU
		{0B7DA8F3-A983-4923-9C90-90C22B5F79B4}.Debug|iPhone.Build.0 = Debug|Any CPU
		{0B7DA8F3-A983-4923-9C90-90C22B5F79B4}.Debug|iPhoneSimulator.ActiveCfg = Debug|Any CPU
		{0B7DA8F3-A983-4923-9C90-90C22B5F79B4}.Debug|iPhoneSimulator.Build.0 = Debug|Any CPU
		{0B7DA8F3-A983-4923-9C90-90C22B5F79B4}.Debug|x64.ActiveCfg = Debug|Any CPU
		{0B7DA8F3-A983-4923-9C90-90C22B5F79B4}.Debug|x64.Build.0 = Debug|Any CPU
		{0B7DA8F3-A983-4923-9C90-90C22B5F79B4}.Debug|x86.ActiveCfg = Debug|Any CPU
		{0B7DA8F3-A983-4923-9C90-90C22B5F79B4}.Debug|x86.Build.0 = Debug|Any CPU
		{0B7DA8F3-A983-4923-9C90-90C22B5F79B4}.Release|Any CPU.ActiveCfg = Release|Any CPU
		{0B7DA8F3-A983-4923-9C90-90C22B5F79B4}.Release|Any CPU.Build.0 = Release|Any CPU
		{0B7DA8F3-A983-4923-9C90-90C22B5F79B4}.Release|ARM.ActiveCfg = Release|Any CPU
		{0B7DA8F3-A983-4923-9C90-90C22B5F79B4}.Release|ARM.Build.0 = Release|Any CPU
		{0B7DA8F3-A983-4923-9C90-90C22B5F79B4}.Release|ARM64.ActiveCfg = Release|Any CPU
		{0B7DA8F3-A983-4923-9C90-90C22B5F79B4}.Release|ARM64.Build.0 = Release|Any CPU
		{0B7DA8F3-A983-4923-9C90-90C22B5F79B4}.Release|iPhone.ActiveCfg = Release|Any CPU
		{0B7DA8F3-A983-4923-9C90-90C22B5F79B4}.Release|iPhone.Build.0 = Release|Any CPU
		{0B7DA8F3-A983-4923-9C90-90C22B5F79B4}.Release|iPhoneSimulator.ActiveCfg = Release|Any CPU
		{0B7DA8F3-A983-4923-9C90-90C22B5F79B4}.Release|iPhoneSimulator.Build.0 = Release|Any CPU
		{0B7DA8F3-A983-4923-9C90-90C22B5F79B4}.Release|x64.ActiveCfg = Release|Any CPU
		{0B7DA8F3-A983-4923-9C90-90C22B5F79B4}.Release|x64.Build.0 = Release|Any CPU
		{0B7DA8F3-A983-4923-9C90-90C22B5F79B4}.Release|x86.ActiveCfg = Release|Any CPU
		{0B7DA8F3-A983-4923-9C90-90C22B5F79B4}.Release|x86.Build.0 = Release|Any CPU
		{52642A1F-AD6C-43D0-B642-E5A8A5ADC02C}.Debug|Any CPU.ActiveCfg = Debug|Any CPU
		{52642A1F-AD6C-43D0-B642-E5A8A5ADC02C}.Debug|Any CPU.Build.0 = Debug|Any CPU
		{52642A1F-AD6C-43D0-B642-E5A8A5ADC02C}.Debug|ARM.ActiveCfg = Debug|ARM
		{52642A1F-AD6C-43D0-B642-E5A8A5ADC02C}.Debug|ARM.Build.0 = Debug|ARM
		{52642A1F-AD6C-43D0-B642-E5A8A5ADC02C}.Debug|ARM64.ActiveCfg = Debug|ARM64
		{52642A1F-AD6C-43D0-B642-E5A8A5ADC02C}.Debug|ARM64.Build.0 = Debug|ARM64
		{52642A1F-AD6C-43D0-B642-E5A8A5ADC02C}.Debug|iPhone.ActiveCfg = Debug|Any CPU
		{52642A1F-AD6C-43D0-B642-E5A8A5ADC02C}.Debug|iPhone.Build.0 = Debug|Any CPU
		{52642A1F-AD6C-43D0-B642-E5A8A5ADC02C}.Debug|iPhoneSimulator.ActiveCfg = Debug|Any CPU
		{52642A1F-AD6C-43D0-B642-E5A8A5ADC02C}.Debug|iPhoneSimulator.Build.0 = Debug|Any CPU
		{52642A1F-AD6C-43D0-B642-E5A8A5ADC02C}.Debug|x64.ActiveCfg = Debug|x64
		{52642A1F-AD6C-43D0-B642-E5A8A5ADC02C}.Debug|x64.Build.0 = Debug|x64
		{52642A1F-AD6C-43D0-B642-E5A8A5ADC02C}.Debug|x86.ActiveCfg = Debug|x86
		{52642A1F-AD6C-43D0-B642-E5A8A5ADC02C}.Debug|x86.Build.0 = Debug|x86
		{52642A1F-AD6C-43D0-B642-E5A8A5ADC02C}.Release|Any CPU.ActiveCfg = Release|Any CPU
		{52642A1F-AD6C-43D0-B642-E5A8A5ADC02C}.Release|Any CPU.Build.0 = Release|Any CPU
		{52642A1F-AD6C-43D0-B642-E5A8A5ADC02C}.Release|ARM.ActiveCfg = Release|ARM
		{52642A1F-AD6C-43D0-B642-E5A8A5ADC02C}.Release|ARM.Build.0 = Release|ARM
		{52642A1F-AD6C-43D0-B642-E5A8A5ADC02C}.Release|ARM64.ActiveCfg = Release|ARM64
		{52642A1F-AD6C-43D0-B642-E5A8A5ADC02C}.Release|ARM64.Build.0 = Release|ARM64
		{52642A1F-AD6C-43D0-B642-E5A8A5ADC02C}.Release|iPhone.ActiveCfg = Release|Any CPU
		{52642A1F-AD6C-43D0-B642-E5A8A5ADC02C}.Release|iPhone.Build.0 = Release|Any CPU
		{52642A1F-AD6C-43D0-B642-E5A8A5ADC02C}.Release|iPhoneSimulator.ActiveCfg = Release|Any CPU
		{52642A1F-AD6C-43D0-B642-E5A8A5ADC02C}.Release|iPhoneSimulator.Build.0 = Release|Any CPU
		{52642A1F-AD6C-43D0-B642-E5A8A5ADC02C}.Release|x64.ActiveCfg = Release|x64
		{52642A1F-AD6C-43D0-B642-E5A8A5ADC02C}.Release|x64.Build.0 = Release|x64
		{52642A1F-AD6C-43D0-B642-E5A8A5ADC02C}.Release|x86.ActiveCfg = Release|x86
		{52642A1F-AD6C-43D0-B642-E5A8A5ADC02C}.Release|x86.Build.0 = Release|x86
	EndGlobalSection
	GlobalSection(SolutionProperties) = preSolution
		HideSolutionNode = FALSE
	EndGlobalSection
	GlobalSection(NestedProjects) = preSolution
		{C214C041-C27E-4146-9870-8F2AF9CB07E9} = {A1E2BDC2-7261-4645-B774-7D24BBE4F523}
		{4448BD6A-8165-4F89-8308-4465358CE533} = {A1E2BDC2-7261-4645-B774-7D24BBE4F523}
		{422D7B5E-953E-45A3-A838-14AB64523127} = {2F767FA6-895C-40FC-9CE3-3E1B8CA2EED7}
		{BF61127F-30A4-42C2-BA76-635077DEB2DD} = {A1E2BDC2-7261-4645-B774-7D24BBE4F523}
		{89F6BACA-D226-4A47-B23E-3EB96AE83BBC} = {A1E2BDC2-7261-4645-B774-7D24BBE4F523}
		{145182DC-AEA9-4C52-8E70-761F094E5508} = {2F767FA6-895C-40FC-9CE3-3E1B8CA2EED7}
		{0B7DA8F3-A983-4923-9C90-90C22B5F79B4} = {2F767FA6-895C-40FC-9CE3-3E1B8CA2EED7}
		{52642A1F-AD6C-43D0-B642-E5A8A5ADC02C} = {2F767FA6-895C-40FC-9CE3-3E1B8CA2EED7}
	EndGlobalSection
	GlobalSection(ExtensibilityGlobals) = postSolution
		SolutionGuid = {3A1948C2-F2D6-4C62-B3AF-F1AE88FF16EB}
	EndGlobalSection
EndGlobal
